
Microsoft Visual Studio Solution File, Format Version 12.00
# Visual Studio Version 16
VisualStudioVersion = 16.0.31424.327
MinimumVisualStudioVersion = 10.0.40219.1
Project("{9A19103F-16F7-4668-BE54-9A1E7A4F7556}") = "HomeAutomation.Server", "HomeAutomation\Server\HomeAutomation.Server.csproj", "{26F5CB72-BEFD-48FC-8114-2CD71078457D}"
EndProject
Project("{9A19103F-16F7-4668-BE54-9A1E7A4F7556}") = "HomeAutomation.Client", "HomeAutomation\Client\HomeAutomation.Client.csproj", "{18979CDC-EA94-4D68-8286-3CA63C7187CE}"
EndProject
Project("{9A19103F-16F7-4668-BE54-9A1E7A4F7556}") = "HomeAutomation.Shared", "HomeAutomation\Shared\HomeAutomation.Shared.csproj", "{A1F88B6B-B2A3-4E28-B320-E61A63A9B90D}"
EndProject
Global
	GlobalSection(SolutionConfigurationPlatforms) = preSolution
		Debug|Any CPU = Debug|Any CPU
		Release|Any CPU = Release|Any CPU
	EndGlobalSection
	GlobalSection(ProjectConfigurationPlatforms) = postSolution
		{26F5CB72-BEFD-48FC-8114-2CD71078457D}.Debug|Any CPU.ActiveCfg = Debug|Any CPU
		{26F5CB72-BEFD-48FC-8114-2CD71078457D}.Debug|Any CPU.Build.0 = Debug|Any CPU
		{26F5CB72-BEFD-48FC-8114-2CD71078457D}.Release|Any CPU.ActiveCfg = Release|Any CPU
		{26F5CB72-BEFD-48FC-8114-2CD71078457D}.Release|Any CPU.Build.0 = Release|Any CPU
		{18979CDC-EA94-4D68-8286-3CA63C7187CE}.Debug|Any CPU.ActiveCfg = Debug|Any CPU
		{18979CDC-EA94-4D68-8286-3CA63C7187CE}.Debug|Any CPU.Build.0 = Debug|Any CPU
		{18979CDC-EA94-4D68-8286-3CA63C7187CE}.Release|Any CPU.ActiveCfg = Release|Any CPU
		{18979CDC-EA94-4D68-8286-3CA63C7187CE}.Release|Any CPU.Build.0 = Release|Any CPU
		{A1F88B6B-B2A3-4E28-B320-E61A63A9B90D}.Debug|Any CPU.ActiveCfg = Debug|Any CPU
		{A1F88B6B-B2A3-4E28-B320-E61A63A9B90D}.Debug|Any CPU.Build.0 = Debug|Any CPU
		{A1F88B6B-B2A3-4E28-B320-E61A63A9B90D}.Release|Any CPU.ActiveCfg = Release|Any CPU
		{A1F88B6B-B2A3-4E28-B320-E61A63A9B90D}.Release|Any CPU.Build.0 = Release|Any CPU
	EndGlobalSection
	GlobalSection(SolutionProperties) = preSolution
		HideSolutionNode = FALSE
	EndGlobalSection
	GlobalSection(ExtensibilityGlobals) = postSolution
		SolutionGuid = {54761461-BE89-4459-BBC1-A9229A0ED960}
	EndGlobalSection
EndGlobal
